// !$*UTF8*$!
{
	archiveVersion = 1;
	classes = {
	};
	objectVersion = 56;
	objects = {

/* Begin PBXBuildFile section */
		035A1CCD2A8D6D8900E26461 /* CountryCell.swift in Sources */ = {isa = PBXBuildFile; fileRef = 035A1CCC2A8D6D8900E26461 /* CountryCell.swift */; };
		035A1CCF2A8D6EAF00E26461 /* StackViewExtension.swift in Sources */ = {isa = PBXBuildFile; fileRef = 035A1CCE2A8D6EAF00E26461 /* StackViewExtension.swift */; };
		036AB1C62A8A4FB70020D226 /* AppDelegate.swift in Sources */ = {isa = PBXBuildFile; fileRef = 036AB1C52A8A4FB70020D226 /* AppDelegate.swift */; };
		036AB1C82A8A4FB70020D226 /* SceneDelegate.swift in Sources */ = {isa = PBXBuildFile; fileRef = 036AB1C72A8A4FB70020D226 /* SceneDelegate.swift */; };
		036AB1CA2A8A4FB70020D226 /* TaskOneViewController.swift in Sources */ = {isa = PBXBuildFile; fileRef = 036AB1C92A8A4FB70020D226 /* TaskOneViewController.swift */; };
		036AB1CD2A8A4FB70020D226 /* Main.storyboard in Resources */ = {isa = PBXBuildFile; fileRef = 036AB1CB2A8A4FB70020D226 /* Main.storyboard */; };
		036AB1CF2A8A4FB80020D226 /* Assets.xcassets in Resources */ = {isa = PBXBuildFile; fileRef = 036AB1CE2A8A4FB80020D226 /* Assets.xcassets */; };
		036AB1D22A8A4FB80020D226 /* LaunchScreen.storyboard in Resources */ = {isa = PBXBuildFile; fileRef = 036AB1D02A8A4FB80020D226 /* LaunchScreen.storyboard */; };
		036AB1DA2A8A50430020D226 /* TabBarController.swift in Sources */ = {isa = PBXBuildFile; fileRef = 036AB1D92A8A50430020D226 /* TabBarController.swift */; };
		036AB1DC2A8A50CC0020D226 /* TaskTwoViewController.swift in Sources */ = {isa = PBXBuildFile; fileRef = 036AB1DB2A8A50CC0020D226 /* TaskTwoViewController.swift */; };
		036AB1DE2A8A50DE0020D226 /* TaskThreeViewController.swift in Sources */ = {isa = PBXBuildFile; fileRef = 036AB1DD2A8A50DE0020D226 /* TaskThreeViewController.swift */; };
		036AB1E42A8A55B30020D226 /* Constants.swift in Sources */ = {isa = PBXBuildFile; fileRef = 036AB1E32A8A55B30020D226 /* Constants.swift */; };
		0384B95F2A8E28E200BB987A /* NewsCell.swift in Sources */ = {isa = PBXBuildFile; fileRef = 0384B95E2A8E28E200BB987A /* NewsCell.swift */; };
		0384B9612A8E290200BB987A /* NewsRecordModel.swift in Sources */ = {isa = PBXBuildFile; fileRef = 0384B9602A8E290200BB987A /* NewsRecordModel.swift */; };
/* End PBXBuildFile section */

/* Begin PBXFileReference section */
		035A1CCC2A8D6D8900E26461 /* CountryCell.swift */ = {isa = PBXFileReference; lastKnownFileType = sourcecode.swift; path = CountryCell.swift; sourceTree = "<group>"; };
		035A1CCE2A8D6EAF00E26461 /* StackViewExtension.swift */ = {isa = PBXFileReference; lastKnownFileType = sourcecode.swift; path = StackViewExtension.swift; sourceTree = "<group>"; };
		036AB1C22A8A4FB70020D226 /* TableViewTask.app */ = {isa = PBXFileReference; explicitFileType = wrapper.application; includeInIndex = 0; path = TableViewTask.app; sourceTree = BUILT_PRODUCTS_DIR; };
		036AB1C52A8A4FB70020D226 /* AppDelegate.swift */ = {isa = PBXFileReference; lastKnownFileType = sourcecode.swift; path = AppDelegate.swift; sourceTree = "<group>"; };
		036AB1C72A8A4FB70020D226 /* SceneDelegate.swift */ = {isa = PBXFileReference; lastKnownFileType = sourcecode.swift; path = SceneDelegate.swift; sourceTree = "<group>"; };
		036AB1C92A8A4FB70020D226 /* TaskOneViewController.swift */ = {isa = PBXFileReference; lastKnownFileType = sourcecode.swift; path = TaskOneViewController.swift; sourceTree = "<group>"; };
		036AB1CC2A8A4FB70020D226 /* Base */ = {isa = PBXFileReference; lastKnownFileType = file.storyboard; name = Base; path = Base.lproj/Main.storyboard; sourceTree = "<group>"; };
		036AB1CE2A8A4FB80020D226 /* Assets.xcassets */ = {isa = PBXFileReference; lastKnownFileType = folder.assetcatalog; path = Assets.xcassets; sourceTree = "<group>"; };
		036AB1D12A8A4FB80020D226 /* Base */ = {isa = PBXFileReference; lastKnownFileType = file.storyboard; name = Base; path = Base.lproj/LaunchScreen.storyboard; sourceTree = "<group>"; };
		036AB1D32A8A4FB80020D226 /* Info.plist */ = {isa = PBXFileReference; lastKnownFileType = text.plist.xml; path = Info.plist; sourceTree = "<group>"; };
		036AB1D92A8A50430020D226 /* TabBarController.swift */ = {isa = PBXFileReference; lastKnownFileType = sourcecode.swift; path = TabBarController.swift; sourceTree = "<group>"; };
		036AB1DB2A8A50CC0020D226 /* TaskTwoViewController.swift */ = {isa = PBXFileReference; lastKnownFileType = sourcecode.swift; path = TaskTwoViewController.swift; sourceTree = "<group>"; };
		036AB1DD2A8A50DE0020D226 /* TaskThreeViewController.swift */ = {isa = PBXFileReference; lastKnownFileType = sourcecode.swift; path = TaskThreeViewController.swift; sourceTree = "<group>"; };
		036AB1E32A8A55B30020D226 /* Constants.swift */ = {isa = PBXFileReference; lastKnownFileType = sourcecode.swift; path = Constants.swift; sourceTree = "<group>"; };
		0384B95E2A8E28E200BB987A /* NewsCell.swift */ = {isa = PBXFileReference; lastKnownFileType = sourcecode.swift; path = NewsCell.swift; sourceTree = "<group>"; };
		0384B9602A8E290200BB987A /* NewsRecordModel.swift */ = {isa = PBXFileReference; lastKnownFileType = sourcecode.swift; path = NewsRecordModel.swift; sourceTree = "<group>"; };
/* End PBXFileReference section */

/* Begin PBXFrameworksBuildPhase section */
		036AB1BF2A8A4FB70020D226 /* Frameworks */ = {
			isa = PBXFrameworksBuildPhase;
			buildActionMask = 2147483647;
			files = (
			);
			runOnlyForDeploymentPostprocessing = 0;
		};
/* End PBXFrameworksBuildPhase section */

/* Begin PBXGroup section */
		036AB1B92A8A4FB70020D226 = {
			isa = PBXGroup;
			children = (
				036AB1C42A8A4FB70020D226 /* TableViewTask */,
				036AB1C32A8A4FB70020D226 /* Products */,
			);
			sourceTree = "<group>";
		};
		036AB1C32A8A4FB70020D226 /* Products */ = {
			isa = PBXGroup;
			children = (
				036AB1C22A8A4FB70020D226 /* TableViewTask.app */,
			);
			name = Products;
			sourceTree = "<group>";
		};
		036AB1C42A8A4FB70020D226 /* TableViewTask */ = {
			isa = PBXGroup;
			children = (
				036AB1E12A8A55890020D226 /* AppResourses */,
				036AB1D92A8A50430020D226 /* TabBarController.swift */,
				036AB1DF2A8A50E40020D226 /* ViewControllers */,
				036AB1E32A8A55B30020D226 /* Constants.swift */,
				036AB1EA2A8AC1C20020D226 /* Extensions */,
				036AB1E02A8A556B0020D226 /* Storyboards */,
				036AB1CE2A8A4FB80020D226 /* Assets.xcassets */,
				036AB1D32A8A4FB80020D226 /* Info.plist */,
			);
			path = TableViewTask;
			sourceTree = "<group>";
		};
		036AB1DF2A8A50E40020D226 /* ViewControllers */ = {
			isa = PBXGroup;
			children = (
				036AB1E52A8ABD760020D226 /* Task1 */,
				036AB1E62A8ABD8A0020D226 /* Task2 */,
				036AB1E72A8ABD980020D226 /* Task3 */,
			);
			path = ViewControllers;
			sourceTree = "<group>";
		};
		036AB1E02A8A556B0020D226 /* Storyboards */ = {
			isa = PBXGroup;
			children = (
				036AB1CB2A8A4FB70020D226 /* Main.storyboard */,
				036AB1D02A8A4FB80020D226 /* LaunchScreen.storyboard */,
			);
			path = Storyboards;
			sourceTree = "<group>";
		};
		036AB1E12A8A55890020D226 /* AppResourses */ = {
			isa = PBXGroup;
			children = (
				036AB1C52A8A4FB70020D226 /* AppDelegate.swift */,
				036AB1C72A8A4FB70020D226 /* SceneDelegate.swift */,
			);
			path = AppResourses;
			sourceTree = "<group>";
		};
		036AB1E52A8ABD760020D226 /* Task1 */ = {
			isa = PBXGroup;
			children = (
				035A1CCC2A8D6D8900E26461 /* CountryCell.swift */,
				036AB1C92A8A4FB70020D226 /* TaskOneViewController.swift */,
			);
			path = Task1;
			sourceTree = "<group>";
		};
		036AB1E62A8ABD8A0020D226 /* Task2 */ = {
			isa = PBXGroup;
			children = (
				0384B95E2A8E28E200BB987A /* NewsCell.swift */,
				0384B9602A8E290200BB987A /* NewsRecordModel.swift */,
				036AB1DB2A8A50CC0020D226 /* TaskTwoViewController.swift */,
			);
			path = Task2;
			sourceTree = "<group>";
		};
		036AB1E72A8ABD980020D226 /* Task3 */ = {
			isa = PBXGroup;
			children = (
				036AB1DD2A8A50DE0020D226 /* TaskThreeViewController.swift */,
			);
			path = Task3;
			sourceTree = "<group>";
		};
		036AB1EA2A8AC1C20020D226 /* Extensions */ = {
			isa = PBXGroup;
			children = (
				035A1CCE2A8D6EAF00E26461 /* StackViewExtension.swift */,
			);
			path = Extensions;
			sourceTree = "<group>";
		};
/* End PBXGroup section */

/* Begin PBXNativeTarget section */
		036AB1C12A8A4FB70020D226 /* TableViewTask */ = {
			isa = PBXNativeTarget;
			buildConfigurationList = 036AB1D62A8A4FB80020D226 /* Build configuration list for PBXNativeTarget "TableViewTask" */;
			buildPhases = (
				036AB1BE2A8A4FB70020D226 /* Sources */,
				036AB1BF2A8A4FB70020D226 /* Frameworks */,
				036AB1C02A8A4FB70020D226 /* Resources */,
			);
			buildRules = (
			);
			dependencies = (
			);
			name = TableViewTask;
			productName = TableViewTask;
			productReference = 036AB1C22A8A4FB70020D226 /* TableViewTask.app */;
			productType = "com.apple.product-type.application";
		};
/* End PBXNativeTarget section */

/* Begin PBXProject section */
		036AB1BA2A8A4FB70020D226 /* Project object */ = {
			isa = PBXProject;
			attributes = {
				BuildIndependentTargetsInParallel = 1;
				LastSwiftUpdateCheck = 1430;
				LastUpgradeCheck = 1430;
				TargetAttributes = {
					036AB1C12A8A4FB70020D226 = {
						CreatedOnToolsVersion = 14.3.1;
					};
				};
			};
			buildConfigurationList = 036AB1BD2A8A4FB70020D226 /* Build configuration list for PBXProject "TableViewTask" */;
			compatibilityVersion = "Xcode 14.0";
			developmentRegion = en;
			hasScannedForEncodings = 0;
			knownRegions = (
				en,
				Base,
			);
			mainGroup = 036AB1B92A8A4FB70020D226;
			productRefGroup = 036AB1C32A8A4FB70020D226 /* Products */;
			projectDirPath = "";
			projectRoot = "";
			targets = (
				036AB1C12A8A4FB70020D226 /* TableViewTask */,
			);
		};
/* End PBXProject section */

/* Begin PBXResourcesBuildPhase section */
		036AB1C02A8A4FB70020D226 /* Resources */ = {
			isa = PBXResourcesBuildPhase;
			buildActionMask = 2147483647;
			files = (
				036AB1D22A8A4FB80020D226 /* LaunchScreen.storyboard in Resources */,
				036AB1CF2A8A4FB80020D226 /* Assets.xcassets in Resources */,
				036AB1CD2A8A4FB70020D226 /* Main.storyboard in Resources */,
			);
			runOnlyForDeploymentPostprocessing = 0;
		};
/* End PBXResourcesBuildPhase section */

/* Begin PBXSourcesBuildPhase section */
		036AB1BE2A8A4FB70020D226 /* Sources */ = {
			isa = PBXSourcesBuildPhase;
			buildActionMask = 2147483647;
			files = (
				035A1CCD2A8D6D8900E26461 /* CountryCell.swift in Sources */,
				036AB1DE2A8A50DE0020D226 /* TaskThreeViewController.swift in Sources */,
				036AB1DC2A8A50CC0020D226 /* TaskTwoViewController.swift in Sources */,
				035A1CCF2A8D6EAF00E26461 /* StackViewExtension.swift in Sources */,
				0384B95F2A8E28E200BB987A /* NewsCell.swift in Sources */,
				036AB1CA2A8A4FB70020D226 /* TaskOneViewController.swift in Sources */,
				036AB1DA2A8A50430020D226 /* TabBarController.swift in Sources */,
				0384B9612A8E290200BB987A /* NewsRecordModel.swift in Sources */,
				036AB1E42A8A55B30020D226 /* Constants.swift in Sources */,
				036AB1C62A8A4FB70020D226 /* AppDelegate.swift in Sources */,
				036AB1C82A8A4FB70020D226 /* SceneDelegate.swift in Sources */,
			);
			runOnlyForDeploymentPostprocessing = 0;
		};
/* End PBXSourcesBuildPhase section */

/* Begin PBXVariantGroup section */
		036AB1CB2A8A4FB70020D226 /* Main.storyboard */ = {
			isa = PBXVariantGroup;
			children = (
				036AB1CC2A8A4FB70020D226 /* Base */,
			);
			name = Main.storyboard;
			sourceTree = "<group>";
		};
		036AB1D02A8A4FB80020D226 /* LaunchScreen.storyboard */ = {
			isa = PBXVariantGroup;
			children = (
				036AB1D12A8A4FB80020D226 /* Base */,
			);
			name = LaunchScreen.storyboard;
			sourceTree = "<group>";
		};
/* End PBXVariantGroup section */

/* Begin XCBuildConfiguration section */
		036AB1D42A8A4FB80020D226 /* Debug */ = {
			isa = XCBuildConfiguration;
			buildSettings = {
				ALWAYS_SEARCH_USER_PATHS = NO;
				CLANG_ANALYZER_NONNULL = YES;
				CLANG_ANALYZER_NUMBER_OBJECT_CONVERSION = YES_AGGRESSIVE;
				CLANG_CXX_LANGUAGE_STANDARD = "gnu++20";
				CLANG_ENABLE_MODULES = YES;
				CLANG_ENABLE_OBJC_ARC = YES;
				CLANG_ENABLE_OBJC_WEAK = YES;
				CLANG_WARN_BLOCK_CAPTURE_AUTORELEASING = YES;
				CLANG_WARN_BOOL_CONVERSION = YES;
				CLANG_WARN_COMMA = YES;
				CLANG_WARN_CONSTANT_CONVERSION = YES;
				CLANG_WARN_DEPRECATED_OBJC_IMPLEMENTATIONS = YES;
				CLANG_WARN_DIRECT_OBJC_ISA_USAGE = YES_ERROR;
				CLANG_WARN_DOCUMENTATION_COMMENTS = YES;
				CLANG_WARN_EMPTY_BODY = YES;
				CLANG_WARN_ENUM_CONVERSION = YES;
				CLANG_WARN_INFINITE_RECURSION = YES;
				CLANG_WARN_INT_CONVERSION = YES;
				CLANG_WARN_NON_LITERAL_NULL_CONVERSION = YES;
				CLANG_WARN_OBJC_IMPLICIT_RETAIN_SELF = YES;
				CLANG_WARN_OBJC_LITERAL_CONVERSION = YES;
				CLANG_WARN_OBJC_ROOT_CLASS = YES_ERROR;
				CLANG_WARN_QUOTED_INCLUDE_IN_FRAMEWORK_HEADER = YES;
				CLANG_WARN_RANGE_LOOP_ANALYSIS = YES;
				CLANG_WARN_STRICT_PROTOTYPES = YES;
				CLANG_WARN_SUSPICIOUS_MOVE = YES;
				CLANG_WARN_UNGUARDED_AVAILABILITY = YES_AGGRESSIVE;
				CLANG_WARN_UNREACHABLE_CODE = YES;
				CLANG_WARN__DUPLICATE_METHOD_MATCH = YES;
				COPY_PHASE_STRIP = NO;
				DEBUG_INFORMATION_FORMAT = dwarf;
				ENABLE_STRICT_OBJC_MSGSEND = YES;
				ENABLE_TESTABILITY = YES;
				GCC_C_LANGUAGE_STANDARD = gnu11;
				GCC_DYNAMIC_NO_PIC = NO;
				GCC_NO_COMMON_BLOCKS = YES;
				GCC_OPTIMIZATION_LEVEL = 0;
				GCC_PREPROCESSOR_DEFINITIONS = (
					"DEBUG=1",
					"$(inherited)",
				);
				GCC_WARN_64_TO_32_BIT_CONVERSION = YES;
				GCC_WARN_ABOUT_RETURN_TYPE = YES_ERROR;
				GCC_WARN_UNDECLARED_SELECTOR = YES;
				GCC_WARN_UNINITIALIZED_AUTOS = YES_AGGRESSIVE;
				GCC_WARN_UNUSED_FUNCTION = YES;
				GCC_WARN_UNUSED_VARIABLE = YES;
				IPHONEOS_DEPLOYMENT_TARGET = 16.4;
				MTL_ENABLE_DEBUG_INFO = INCLUDE_SOURCE;
				MTL_FAST_MATH = YES;
				ONLY_ACTIVE_ARCH = YES;
				SDKROOT = iphoneos;
				SWIFT_ACTIVE_COMPILATION_CONDITIONS = DEBUG;
				SWIFT_OPTIMIZATION_LEVEL = "-Onone";
			};
			name = Debug;
		};
		036AB1D52A8A4FB80020D226 /* Release */ = {
			isa = XCBuildConfiguration;
			buildSettings = {
				ALWAYS_SEARCH_USER_PATHS = NO;
				CLANG_ANALYZER_NONNULL = YES;
				CLANG_ANALYZER_NUMBER_OBJECT_CONVERSION = YES_AGGRESSIVE;
				CLANG_CXX_LANGUAGE_STANDARD = "gnu++20";
				CLANG_ENABLE_MODULES = YES;
				CLANG_ENABLE_OBJC_ARC = YES;
				CLANG_ENABLE_OBJC_WEAK = YES;
				CLANG_WARN_BLOCK_CAPTURE_AUTORELEASING = YES;
				CLANG_WARN_BOOL_CONVERSION = YES;
				CLANG_WARN_COMMA = YES;
				CLANG_WARN_CONSTANT_CONVERSION = YES;
				CLANG_WARN_DEPRECATED_OBJC_IMPLEMENTATIONS = YES;
				CLANG_WARN_DIRECT_OBJC_ISA_USAGE = YES_ERROR;
				CLANG_WARN_DOCUMENTATION_COMMENTS = YES;
				CLANG_WARN_EMPTY_BODY = YES;
				CLANG_WARN_ENUM_CONVERSION = YES;
				CLANG_WARN_INFINITE_RECURSION = YES;
				CLANG_WARN_INT_CONVERSION = YES;
				CLANG_WARN_NON_LITERAL_NULL_CONVERSION = YES;
				CLANG_WARN_OBJC_IMPLICIT_RETAIN_SELF = YES;
				CLANG_WARN_OBJC_LITERAL_CONVERSION = YES;
				CLANG_WARN_OBJC_ROOT_CLASS = YES_ERROR;
				CLANG_WARN_QUOTED_INCLUDE_IN_FRAMEWORK_HEADER = YES;
				CLANG_WARN_RANGE_LOOP_ANALYSIS = YES;
				CLANG_WARN_STRICT_PROTOTYPES = YES;
				CLANG_WARN_SUSPICIOUS_MOVE = YES;
				CLANG_WARN_UNGUARDED_AVAILABILITY = YES_AGGRESSIVE;
				CLANG_WARN_UNREACHABLE_CODE = YES;
				CLANG_WARN__DUPLICATE_METHOD_MATCH = YES;
				COPY_PHASE_STRIP = NO;
				DEBUG_INFORMATION_FORMAT = "dwarf-with-dsym";
				ENABLE_NS_ASSERTIONS = NO;
				ENABLE_STRICT_OBJC_MSGSEND = YES;
				GCC_C_LANGUAGE_STANDARD = gnu11;
				GCC_NO_COMMON_BLOCKS = YES;
				GCC_WARN_64_TO_32_BIT_CONVERSION = YES;
				GCC_WARN_ABOUT_RETURN_TYPE = YES_ERROR;
				GCC_WARN_UNDECLARED_SELECTOR = YES;
				GCC_WARN_UNINITIALIZED_AUTOS = YES_AGGRESSIVE;
				GCC_WARN_UNUSED_FUNCTION = YES;
				GCC_WARN_UNUSED_VARIABLE = YES;
				IPHONEOS_DEPLOYMENT_TARGET = 16.4;
				MTL_ENABLE_DEBUG_INFO = NO;
				MTL_FAST_MATH = YES;
				SDKROOT = iphoneos;
				SWIFT_COMPILATION_MODE = wholemodule;
				SWIFT_OPTIMIZATION_LEVEL = "-O";
				VALIDATE_PRODUCT = YES;
			};
			name = Release;
		};
		036AB1D72A8A4FB80020D226 /* Debug */ = {
			isa = XCBuildConfiguration;
			buildSettings = {
				ASSETCATALOG_COMPILER_APPICON_NAME = AppIcon;
				ASSETCATALOG_COMPILER_GLOBAL_ACCENT_COLOR_NAME = AccentColor;
				CODE_SIGN_STYLE = Automatic;
				CURRENT_PROJECT_VERSION = 1;
				DEVELOPMENT_TEAM = 5G3L9PJKC3;
				GENERATE_INFOPLIST_FILE = YES;
				INFOPLIST_FILE = TableViewTask/Info.plist;
				INFOPLIST_KEY_UIApplicationSupportsIndirectInputEvents = YES;
				INFOPLIST_KEY_UILaunchStoryboardName = LaunchScreen;
				INFOPLIST_KEY_UIMainStoryboardFile = Main;
				INFOPLIST_KEY_UISupportedInterfaceOrientations_iPad = "UIInterfaceOrientationPortrait UIInterfaceOrientationPortraitUpsideDown UIInterfaceOrientationLandscapeLeft UIInterfaceOrientationLandscapeRight";
				INFOPLIST_KEY_UISupportedInterfaceOrientations_iPhone = "UIInterfaceOrientationPortrait UIInterfaceOrientationLandscapeLeft UIInterfaceOrientationLandscapeRight";
				LD_RUNPATH_SEARCH_PATHS = (
					"$(inherited)",
					"@executable_path/Frameworks",
				);
				MARKETING_VERSION = 1.0;
				PRODUCT_BUNDLE_IDENTIFIER = sashabravos.TableViewTask;
				PRODUCT_NAME = "$(TARGET_NAME)";
				SWIFT_EMIT_LOC_STRINGS = YES;
				SWIFT_VERSION = 5.0;
				TARGETED_DEVICE_FAMILY = "1,2";
			};
			name = Debug;
		};
		036AB1D82A8A4FB80020D226 /* Release */ = {
			isa = XCBuildConfiguration;
			buildSettings = {
				ASSETCATALOG_COMPILER_APPICON_NAME = AppIcon;
				ASSETCATALOG_COMPILER_GLOBAL_ACCENT_COLOR_NAME = AccentColor;
				CODE_SIGN_STYLE = Automatic;
				CURRENT_PROJECT_VERSION = 1;
				DEVELOPMENT_TEAM = 5G3L9PJKC3;
				GENERATE_INFOPLIST_FILE = YES;
				INFOPLIST_FILE = TableViewTask/Info.plist;
				INFOPLIST_KEY_UIApplicationSupportsIndirectInputEvents = YES;
				INFOPLIST_KEY_UILaunchStoryboardName = LaunchScreen;
				INFOPLIST_KEY_UIMainStoryboardFile = Main;
				INFOPLIST_KEY_UISupportedInterfaceOrientations_iPad = "UIInterfaceOrientationPortrait UIInterfaceOrientationPortraitUpsideDown UIInterfaceOrientationLandscapeLeft UIInterfaceOrientationLandscapeRight";
				INFOPLIST_KEY_UISupportedInterfaceOrientations_iPhone = "UIInterfaceOrientationPortrait UIInterfaceOrientationLandscapeLeft UIInterfaceOrientationLandscapeRight";
				LD_RUNPATH_SEARCH_PATHS = (
					"$(inherited)",
					"@executable_path/Frameworks",
				);
				MARKETING_VERSION = 1.0;
				PRODUCT_BUNDLE_IDENTIFIER = sashabravos.TableViewTask;
				PRODUCT_NAME = "$(TARGET_NAME)";
				SWIFT_EMIT_LOC_STRINGS = YES;
				SWIFT_VERSION = 5.0;
				TARGETED_DEVICE_FAMILY = "1,2";
			};
			name = Release;
		};
/* End XCBuildConfiguration section */

/* Begin XCConfigurationList section */
		036AB1BD2A8A4FB70020D226 /* Build configuration list for PBXProject "TableViewTask" */ = {
			isa = XCConfigurationList;
			buildConfigurations = (
				036AB1D42A8A4FB80020D226 /* Debug */,
				036AB1D52A8A4FB80020D226 /* Release */,
			);
			defaultConfigurationIsVisible = 0;
			defaultConfigurationName = Release;
		};
		036AB1D62A8A4FB80020D226 /* Build configuration list for PBXNativeTarget "TableViewTask" */ = {
			isa = XCConfigurationList;
			buildConfigurations = (
				036AB1D72A8A4FB80020D226 /* Debug */,
				036AB1D82A8A4FB80020D226 /* Release */,
			);
			defaultConfigurationIsVisible = 0;
			defaultConfigurationName = Release;
		};
/* End XCConfigurationList section */
	};
	rootObject = 036AB1BA2A8A4FB70020D226 /* Project object */;
}
